{
  "version": 1,
  "dependencies": {
    "net10.0": {
      "AWSSDK.DynamoDBv2": {
        "type": "Direct",
        "requested": "[4.0.107, )",
        "resolved": "4.0.107",
        "contentHash": "v03bIsEvQ4onYDKjeI7krAk9wmNC4FS2NkoeRRg4KeXOBwurg8NY7MgSCOTy3KDNmEkgmOnggwn4Dhh23xrtYw==",
        "dependencies": {
          "AWSSDK.Core": "[4.0.102.8, 5.0.0)"
        }
      },
      "AWSSDK.SimpleEmailV2": {
        "type": "Direct",
        "requested": "[4.0.106.1, )",
        "resolved": "4.0.106.1",
        "contentHash": "Gfq/I51LmK51ytYFlqeJC4Ts0eULAzki+TrjNDIQfiMmw2rNtuSymDENAmKEyJj8YfSGBaXHiaJ0AbuGq9QCVg==",
        "dependencies": {
          "AWSSDK.Core": "[4.0.102.8, 5.0.0)"
        }
      },
      "AWSSDK.SQS": {
        "type": "Direct",
        "requested": "[4.0.100.15, )",
        "resolved": "4.0.100.15",
        "contentHash": "A2vyeQSZgH682aI2+1oLQKAp03pPBl2FgLHCm33MBEV/3N5tiy0nwMhJxG+Sb1gRiciO9M9QBu2UidcsuO7PkQ==",
        "dependencies": {
          "AWSSDK.Core": "[4.0.102.8, 5.0.0)"
        }
      },
      "AWSSDK.Core": {
        "type": "Transitive",
        "resolved": "4.0.102.8",
        "contentHash": "90B9Skhl+ORbtWNXrrmGdGhGvAfZiPmZafRYrB/xHelZjePIwPvXioqz9UiiF1vo21eDLzTnXh5EC4RjbNWsFQ=="
      }
    }
  }
}